
Microsoft Visual Studio Solution File, Format Version 12.00
# Visual Studio Version 16
VisualStudioVersion = 16.0.32901.82
MinimumVisualStudioVersion = 10.0.40219.1
Project("{8BC9CEB8-8B4A-11D0-8D11-00A0C91BC942}") = "OpenGl_01_drawTri", "OpenGl_01_drawTri.vcxproj", "{8EF97D2F-9278-4037-8598-06C283F508CE}"
EndProject
Project("{8BC9CEB8-8B4A-11D0-8D11-00A0C91BC942}") = "OpenGl_02_shader", "..\OpenGl_02_shader\OpenGl_02_shader.vcxproj", "{D94716AD-E0B7-473A-B847-2FE305A028F9}"
EndProject
Project("{8BC9CEB8-8B4A-11D0-8D11-00A0C91BC942}") = "GL_Windows_01", "..\GL_Windows_01\GL_Windows_01.vcxproj", "{56B22F1F-6512-420F-A826-837B48EBC948}"
EndProject
Project("{8BC9CEB8-8B4A-11D0-8D11-00A0C91BC942}") = "GL_Triangle_02", "..\GL_Triangle_02\GL_Triangle_02.vcxproj", "{58330EB1-6C74-4C21-9F96-F49A8D14B811}"
EndProject
Project("{8BC9CEB8-8B4A-11D0-8D11-00A0C91BC942}") = "GL_Shader_Utils", "..\GL_Shader_Utils\GL_Shader_Utils.vcxproj", "{A37AAFF5-6267-431D-99DB-1CB7AE63641F}"
EndProject
Global
	GlobalSection(SolutionConfigurationPlatforms) = preSolution
		Debug|x64 = Debug|x64
		Debug|x86 = Debug|x86
		Release|x64 = Release|x64
		Release|x86 = Release|x86
	EndGlobalSection
	GlobalSection(ProjectConfigurationPlatforms) = postSolution
		{8EF97D2F-9278-4037-8598-06C283F508CE}.Debug|x64.ActiveCfg = Debug|x64
		{8EF97D2F-9278-4037-8598-06C283F508CE}.Debug|x64.Build.0 = Debug|x64
		{8EF97D2F-9278-4037-8598-06C283F508CE}.Debug|x86.ActiveCfg = Debug|x64
		{8EF97D2F-9278-4037-8598-06C283F508CE}.Release|x64.ActiveCfg = Release|x64
		{8EF97D2F-9278-4037-8598-06C283F508CE}.Release|x64.Build.0 = Release|x64
		{8EF97D2F-9278-4037-8598-06C283F508CE}.Release|x86.ActiveCfg = Release|x64
		{D94716AD-E0B7-473A-B847-2FE305A028F9}.Debug|x64.ActiveCfg = Debug|x64
		{D94716AD-E0B7-473A-B847-2FE305A028F9}.Debug|x64.Build.0 = Debug|x64
		{D94716AD-E0B7-473A-B847-2FE305A028F9}.Debug|x86.ActiveCfg = Debug|x64
		{D94716AD-E0B7-473A-B847-2FE305A028F9}.Release|x64.ActiveCfg = Release|x64
		{D94716AD-E0B7-473A-B847-2FE305A028F9}.Release|x64.Build.0 = Release|x64
		{D94716AD-E0B7-473A-B847-2FE305A028F9}.Release|x86.ActiveCfg = Release|x64
		{56B22F1F-6512-420F-A826-837B48EBC948}.Debug|x64.ActiveCfg = Debug|x64
		{56B22F1F-6512-420F-A826-837B48EBC948}.Debug|x64.Build.0 = Debug|x64
		{56B22F1F-6512-420F-A826-837B48EBC948}.Debug|x86.ActiveCfg = Debug|Win32
		{56B22F1F-6512-420F-A826-837B48EBC948}.Debug|x86.Build.0 = Debug|Win32
		{56B22F1F-6512-420F-A826-837B48EBC948}.Release|x64.ActiveCfg = Release|x64
		{56B22F1F-6512-420F-A826-837B48EBC948}.Release|x64.Build.0 = Release|x64
		{56B22F1F-6512-420F-A826-837B48EBC948}.Release|x86.ActiveCfg = Release|Win32
		{56B22F1F-6512-420F-A826-837B48EBC948}.Release|x86.Build.0 = Release|Win32
		{58330EB1-6C74-4C21-9F96-F49A8D14B811}.Debug|x64.ActiveCfg = Debug|x64
		{58330EB1-6C74-4C21-9F96-F49A8D14B811}.Debug|x64.Build.0 = Debug|x64
		{58330EB1-6C74-4C21-9F96-F49A8D14B811}.Debug|x86.ActiveCfg = Debug|Win32
		{58330EB1-6C74-4C21-9F96-F49A8D14B811}.Debug|x86.Build.0 = Debug|Win32
		{58330EB1-6C74-4C21-9F96-F49A8D14B811}.Release|x64.ActiveCfg = Release|x64
		{58330EB1-6C74-4C21-9F96-F49A8D14B811}.Release|x64.Build.0 = Release|x64
		{58330EB1-6C74-4C21-9F96-F49A8D14B811}.Release|x86.ActiveCfg = Release|Win32
		{58330EB1-6C74-4C21-9F96-F49A8D14B811}.Release|x86.Build.0 = Release|Win32
		{A37AAFF5-6267-431D-99DB-1CB7AE63641F}.Debug|x64.ActiveCfg = Debug|x64
		{A37AAFF5-6267-431D-99DB-1CB7AE63641F}.Debug|x64.Build.0 = Debug|x64
		{A37AAFF5-6267-431D-99DB-1CB7AE63641F}.Debug|x86.ActiveCfg = Debug|Win32
		{A37AAFF5-6267-431D-99DB-1CB7AE63641F}.Debug|x86.Build.0 = Debug|Win32
		{A37AAFF5-6267-431D-99DB-1CB7AE63641F}.Release|x64.ActiveCfg = Release|x64
		{A37AAFF5-6267-431D-99DB-1CB7AE63641F}.Release|x64.Build.0 = Release|x64
		{A37AAFF5-6267-431D-99DB-1CB7AE63641F}.Release|x86.ActiveCfg = Release|Win32
		{A37AAFF5-6267-431D-99DB-1CB7AE63641F}.Release|x86.Build.0 = Release|Win32
	EndGlobalSection
	GlobalSection(SolutionProperties) = preSolution
		HideSolutionNode = FALSE
	EndGlobalSection
	GlobalSection(ExtensibilityGlobals) = postSolution
		SolutionGuid = {3610889C-17F3-4DCC-8DDA-B0830472F661}
	EndGlobalSection
EndGlobal
